
Microsoft Visual Studio Solution File, Format Version 11.00
# Visual Studio 2010
Project("{8BC9CEB8-8B4A-11D0-8D11-00A0C91BC942}") = "Chapter7.1", "Chapter7.1\Chapter7.1.vcxproj", "{A2DC24E8-5F1D-4AC8-B53E-FB4D63B047E2}"
EndProject
Project("{8BC9CEB8-8B4A-11D0-8D11-00A0C91BC942}") = "Chapter7.2", "Chapter7.2\Chapter7.2.vcxproj", "{D3B3A0E8-42E7-4DBE-A836-29AD7290C720}"
EndProject
Project("{8BC9CEB8-8B4A-11D0-8D11-00A0C91BC942}") = "Chapter7.3", "Chapter7.3\Chapter7.3.vcxproj", "{E9EAA667-AEBB-47CD-997E-F65A159CC36A}"
EndProject
Project("{8BC9CEB8-8B4A-11D0-8D11-00A0C91BC942}") = "Chapter7.4", "Chapter7.4\Chapter7.4.vcxproj", "{D68E6CEE-001F-46B5-819D-D07F7C1EA744}"
EndProject
Project("{8BC9CEB8-8B4A-11D0-8D11-00A0C91BC942}") = "Chapter6.1", "Chapter6.1\Chapter6.1.vcxproj", "{14417587-1CDE-41D7-9D38-C4309249DC95}"
EndProject
Project("{8BC9CEB8-8B4A-11D0-8D11-00A0C91BC942}") = "Chapter6.2", "Chapter6.2\Chapter6.2.vcxproj", "{74A2AFB8-F822-498A-9433-FED416DC058C}"
EndProject
Project("{8BC9CEB8-8B4A-11D0-8D11-00A0C91BC942}") = "Chapter6.3", "Chapter6.3\Chapter6.3.vcxproj", "{4D18F4E9-5586-49DF-96DD-353B6A266631}"
EndProject
Project("{8BC9CEB8-8B4A-11D0-8D11-00A0C91BC942}") = "Chapter6.4", "Chapter6.4\Chapter6.4.vcxproj", "{48035DA7-561E-4EF9-8BD3-F975B62C0B6D}"
EndProject
Project("{8BC9CEB8-8B4A-11D0-8D11-00A0C91BC942}") = "Chapter6.5", "Chapter6.5\Chapter6.5.vcxproj", "{2916967A-9C79-4A39-AF97-DF2189F4F791}"
EndProject
Project("{8BC9CEB8-8B4A-11D0-8D11-00A0C91BC942}") = "Chapter6.6", "Chapter6.6\Chapter6.6.vcxproj", "{04C33B9E-EA25-44D7-A4BF-28A9489C66AF}"
EndProject
Project("{8BC9CEB8-8B4A-11D0-8D11-00A0C91BC942}") = "Chapter6.7", "Chapter6.7\Chapter6.7.vcxproj", "{C80D6DA8-2257-4F8E-B21F-3042D27BB6E0}"
EndProject
Project("{8BC9CEB8-8B4A-11D0-8D11-00A0C91BC942}") = "Algo7.1", "Algo7.1\Algo7.1.vcxproj", "{90E931B5-2D1C-4525-9591-A66A3E0509F0}"
EndProject
Project("{8BC9CEB8-8B4A-11D0-8D11-00A0C91BC942}") = "Algo7.2", "Algo7.2\Algo7.2.vcxproj", "{B7316338-C2EC-4B9B-9840-B277DB24013B}"
EndProject
Project("{8BC9CEB8-8B4A-11D0-8D11-00A0C91BC942}") = "Algo7.3", "Algo7.3\Algo7.3.vcxproj", "{356FEDD8-0D14-4967-B503-7DFE4DCA45CB}"
EndProject
Global
	GlobalSection(SolutionConfigurationPlatforms) = preSolution
		Debug|Win32 = Debug|Win32
		Release|Win32 = Release|Win32
	EndGlobalSection
	GlobalSection(ProjectConfigurationPlatforms) = postSolution
		{A2DC24E8-5F1D-4AC8-B53E-FB4D63B047E2}.Debug|Win32.ActiveCfg = Debug|Win32
		{A2DC24E8-5F1D-4AC8-B53E-FB4D63B047E2}.Debug|Win32.Build.0 = Debug|Win32
		{A2DC24E8-5F1D-4AC8-B53E-FB4D63B047E2}.Release|Win32.ActiveCfg = Release|Win32
		{A2DC24E8-5F1D-4AC8-B53E-FB4D63B047E2}.Release|Win32.Build.0 = Release|Win32
		{D3B3A0E8-42E7-4DBE-A836-29AD7290C720}.Debug|Win32.ActiveCfg = Debug|Win32
		{D3B3A0E8-42E7-4DBE-A836-29AD7290C720}.Debug|Win32.Build.0 = Debug|Win32
		{D3B3A0E8-42E7-4DBE-A836-29AD7290C720}.Release|Win32.ActiveCfg = Release|Win32
		{D3B3A0E8-42E7-4DBE-A836-29AD7290C720}.Release|Win32.Build.0 = Release|Win32
		{E9EAA667-AEBB-47CD-997E-F65A159CC36A}.Debug|Win32.ActiveCfg = Debug|Win32
		{E9EAA667-AEBB-47CD-997E-F65A159CC36A}.Debug|Win32.Build.0 = Debug|Win32
		{E9EAA667-AEBB-47CD-997E-F65A159CC36A}.Release|Win32.ActiveCfg = Release|Win32
		{E9EAA667-AEBB-47CD-997E-F65A159CC36A}.Release|Win32.Build.0 = Release|Win32
		{D68E6CEE-001F-46B5-819D-D07F7C1EA744}.Debug|Win32.ActiveCfg = Debug|Win32
		{D68E6CEE-001F-46B5-819D-D07F7C1EA744}.Debug|Win32.Build.0 = Debug|Win32
		{D68E6CEE-001F-46B5-819D-D07F7C1EA744}.Release|Win32.ActiveCfg = Release|Win32
		{D68E6CEE-001F-46B5-819D-D07F7C1EA744}.Release|Win32.Build.0 = Release|Win32
		{14417587-1CDE-41D7-9D38-C4309249DC95}.Debug|Win32.ActiveCfg = Debug|Win32
		{14417587-1CDE-41D7-9D38-C4309249DC95}.Debug|Win32.Build.0 = Debug|Win32
		{14417587-1CDE-41D7-9D38-C4309249DC95}.Release|Win32.ActiveCfg = Release|Win32
		{14417587-1CDE-41D7-9D38-C4309249DC95}.Release|Win32.Build.0 = Release|Win32
		{74A2AFB8-F822-498A-9433-FED416DC058C}.Debug|Win32.ActiveCfg = Debug|Win32
		{74A2AFB8-F822-498A-9433-FED416DC058C}.Debug|Win32.Build.0 = Debug|Win32
		{74A2AFB8-F822-498A-9433-FED416DC058C}.Release|Win32.ActiveCfg = Release|Win32
		{74A2AFB8-F822-498A-9433-FED416DC058C}.Release|Win32.Build.0 = Release|Win32
		{4D18F4E9-5586-49DF-96DD-353B6A266631}.Debug|Win32.ActiveCfg = Debug|Win32
		{4D18F4E9-5586-49DF-96DD-353B6A266631}.Debug|Win32.Build.0 = Debug|Win32
		{4D18F4E9-5586-49DF-96DD-353B6A266631}.Release|Win32.ActiveCfg = Release|Win32
		{4D18F4E9-5586-49DF-96DD-353B6A266631}.Release|Win32.Build.0 = Release|Win32
		{48035DA7-561E-4EF9-8BD3-F975B62C0B6D}.Debug|Win32.ActiveCfg = Debug|Win32
		{48035DA7-561E-4EF9-8BD3-F975B62C0B6D}.Debug|Win32.Build.0 = Debug|Win32
		{48035DA7-561E-4EF9-8BD3-F975B62C0B6D}.Release|Win32.ActiveCfg = Release|Win32
		{48035DA7-561E-4EF9-8BD3-F975B62C0B6D}.Release|Win32.Build.0 = Release|Win32
		{2916967A-9C79-4A39-AF97-DF2189F4F791}.Debug|Win32.ActiveCfg = Debug|Win32
		{2916967A-9C79-4A39-AF97-DF2189F4F791}.Debug|Win32.Build.0 = Debug|Win32
		{2916967A-9C79-4A39-AF97-DF2189F4F791}.Release|Win32.ActiveCfg = Release|Win32
		{2916967A-9C79-4A39-AF97-DF2189F4F791}.Release|Win32.Build.0 = Release|Win32
		{04C33B9E-EA25-44D7-A4BF-28A9489C66AF}.Debug|Win32.ActiveCfg = Debug|Win32
		{04C33B9E-EA25-44D7-A4BF-28A9489C66AF}.Debug|Win32.Build.0 = Debug|Win32
		{04C33B9E-EA25-44D7-A4BF-28A9489C66AF}.Release|Win32.ActiveCfg = Release|Win32
		{04C33B9E-EA25-44D7-A4BF-28A9489C66AF}.Release|Win32.Build.0 = Release|Win32
		{C80D6DA8-2257-4F8E-B21F-3042D27BB6E0}.Debug|Win32.ActiveCfg = Debug|Win32
		{C80D6DA8-2257-4F8E-B21F-3042D27BB6E0}.Debug|Win32.Build.0 = Debug|Win32
		{C80D6DA8-2257-4F8E-B21F-3042D27BB6E0}.Release|Win32.ActiveCfg = Release|Win32
		{C80D6DA8-2257-4F8E-B21F-3042D27BB6E0}.Release|Win32.Build.0 = Release|Win32
		{90E931B5-2D1C-4525-9591-A66A3E0509F0}.Debug|Win32.ActiveCfg = Debug|Win32
		{90E931B5-2D1C-4525-9591-A66A3E0509F0}.Debug|Win32.Build.0 = Debug|Win32
		{90E931B5-2D1C-4525-9591-A66A3E0509F0}.Release|Win32.ActiveCfg = Release|Win32
		{90E931B5-2D1C-4525-9591-A66A3E0509F0}.Release|Win32.Build.0 = Release|Win32
		{B7316338-C2EC-4B9B-9840-B277DB24013B}.Debug|Win32.ActiveCfg = Debug|Win32
		{B7316338-C2EC-4B9B-9840-B277DB24013B}.Debug|Win32.Build.0 = Debug|Win32
		{B7316338-C2EC-4B9B-9840-B277DB24013B}.Release|Win32.ActiveCfg = Release|Win32
		{B7316338-C2EC-4B9B-9840-B277DB24013B}.Release|Win32.Build.0 = Release|Win32
		{356FEDD8-0D14-4967-B503-7DFE4DCA45CB}.Debug|Win32.ActiveCfg = Debug|Win32
		{356FEDD8-0D14-4967-B503-7DFE4DCA45CB}.Debug|Win32.Build.0 = Debug|Win32
		{356FEDD8-0D14-4967-B503-7DFE4DCA45CB}.Release|Win32.ActiveCfg = Release|Win32
		{356FEDD8-0D14-4967-B503-7DFE4DCA45CB}.Release|Win32.Build.0 = Release|Win32
	EndGlobalSection
	GlobalSection(SolutionProperties) = preSolution
		HideSolutionNode = FALSE
	EndGlobalSection
EndGlobal
