
Microsoft Visual Studio Solution File, Format Version 11.00
# Visual Studio 2010
Project("{8BC9CEB8-8B4A-11D0-8D11-00A0C91BC942}") = "第一章绪论", "第一章绪论\第一章绪论.vcxproj", "{A092F63C-B3E2-499C-BFE7-D5C61DB11097}"
EndProject
Project("{8BC9CEB8-8B4A-11D0-8D11-00A0C91BC942}") = "第七章图", "第七章图\第七章图.vcxproj", "{233E1BF8-17BA-4571-9287-DE277141020B}"
EndProject
Global
	GlobalSection(SolutionConfigurationPlatforms) = preSolution
		Debug|Win32 = Debug|Win32
		Release|Win32 = Release|Win32
	EndGlobalSection
	GlobalSection(ProjectConfigurationPlatforms) = postSolution
		{A092F63C-B3E2-499C-BFE7-D5C61DB11097}.Debug|Win32.ActiveCfg = Debug|Win32
		{A092F63C-B3E2-499C-BFE7-D5C61DB11097}.Debug|Win32.Build.0 = Debug|Win32
		{A092F63C-B3E2-499C-BFE7-D5C61DB11097}.Release|Win32.ActiveCfg = Release|Win32
		{A092F63C-B3E2-499C-BFE7-D5C61DB11097}.Release|Win32.Build.0 = Release|Win32
		{233E1BF8-17BA-4571-9287-DE277141020B}.Debug|Win32.ActiveCfg = Debug|Win32
		{233E1BF8-17BA-4571-9287-DE277141020B}.Debug|Win32.Build.0 = Debug|Win32
		{233E1BF8-17BA-4571-9287-DE277141020B}.Release|Win32.ActiveCfg = Release|Win32
		{233E1BF8-17BA-4571-9287-DE277141020B}.Release|Win32.Build.0 = Release|Win32
	EndGlobalSection
	GlobalSection(SolutionProperties) = preSolution
		HideSolutionNode = FALSE
	EndGlobalSection
EndGlobal
