// !$*UTF8*$!
{
	archiveVersion = 1;
	classes = {
	};
	objectVersion = 46;
	objects = {

/* Begin PBXBuildFile section */
		9F959E111CFC186F00618248 /* main.cpp in Sources */ = {isa = PBXBuildFile; fileRef = 9F959E101CFC186F00618248 /* main.cpp */; };
		9F959E161CFC18D300618248 /* SqList.cpp in Sources */ = {isa = PBXBuildFile; fileRef = 9F959E151CFC18D300618248 /* SqList.cpp */; };
		9F959E1B1CFC385500618248 /* Sort.cpp in Sources */ = {isa = PBXBuildFile; fileRef = 9F959E191CFC385500618248 /* Sort.cpp */; };
		9F959E1C1CFC385500618248 /* main.cpp in Sources */ = {isa = PBXBuildFile; fileRef = 9F959E1A1CFC385500618248 /* main.cpp */; };
		9F959E241CFC3ACD00618248 /* main.cpp in Sources */ = {isa = PBXBuildFile; fileRef = 9F959E231CFC3ACD00618248 /* main.cpp */; };
		9F959E2A1CFC3B1B00618248 /* LinkedList.cpp in Sources */ = {isa = PBXBuildFile; fileRef = 9F959E281CFC3B1B00618248 /* LinkedList.cpp */; };
		9F959E321CFC49BB00618248 /* main.cpp in Sources */ = {isa = PBXBuildFile; fileRef = 9F959E311CFC49BB00618248 /* main.cpp */; };
		9F959E381CFC49F900618248 /* Stack.cpp in Sources */ = {isa = PBXBuildFile; fileRef = 9F959E361CFC49F900618248 /* Stack.cpp */; };
		BE02010C1CFBFE1E0087969B /* main.cpp in Sources */ = {isa = PBXBuildFile; fileRef = BE02010B1CFBFE1E0087969B /* main.cpp */; };
		BE0201121CFC70A90087969B /* Queue.cpp in Sources */ = {isa = PBXBuildFile; fileRef = BE0201101CFC70A90087969B /* Queue.cpp */; };
/* End PBXBuildFile section */

/* Begin PBXCopyFilesBuildPhase section */
		9F959DEE1CFC110D00618248 /* CopyFiles */ = {
			isa = PBXCopyFilesBuildPhase;
			buildActionMask = 2147483647;
			dstPath = /usr/share/man/man1/;
			dstSubfolderSpec = 0;
			files = (
			);
			runOnlyForDeploymentPostprocessing = 1;
		};
		9F959E0C1CFC186F00618248 /* CopyFiles */ = {
			isa = PBXCopyFilesBuildPhase;
			buildActionMask = 2147483647;
			dstPath = /usr/share/man/man1/;
			dstSubfolderSpec = 0;
			files = (
			);
			runOnlyForDeploymentPostprocessing = 1;
		};
		9F959E1F1CFC3ACD00618248 /* CopyFiles */ = {
			isa = PBXCopyFilesBuildPhase;
			buildActionMask = 2147483647;
			dstPath = /usr/share/man/man1/;
			dstSubfolderSpec = 0;
			files = (
			);
			runOnlyForDeploymentPostprocessing = 1;
		};
		9F959E2D1CFC49BA00618248 /* CopyFiles */ = {
			isa = PBXCopyFilesBuildPhase;
			buildActionMask = 2147483647;
			dstPath = /usr/share/man/man1/;
			dstSubfolderSpec = 0;
			files = (
			);
			runOnlyForDeploymentPostprocessing = 1;
		};
		BE0201071CFBFE1E0087969B /* CopyFiles */ = {
			isa = PBXCopyFilesBuildPhase;
			buildActionMask = 2147483647;
			dstPath = /usr/share/man/man1/;
			dstSubfolderSpec = 0;
			files = (
			);
			runOnlyForDeploymentPostprocessing = 1;
		};
/* End PBXCopyFilesBuildPhase section */

/* Begin PBXFileReference section */
		9F959DF01CFC110D00618248 /* sort */ = {isa = PBXFileReference; explicitFileType = "compiled.mach-o.executable"; includeInIndex = 0; path = sort; sourceTree = BUILT_PRODUCTS_DIR; };
		9F959E081CFC169600618248 /* README.md */ = {isa = PBXFileReference; fileEncoding = 4; lastKnownFileType = net.daringfireball.markdown; path = README.md; sourceTree = "<group>"; };
		9F959E0E1CFC186F00618248 /* sqlist */ = {isa = PBXFileReference; explicitFileType = "compiled.mach-o.executable"; includeInIndex = 0; path = sqlist; sourceTree = BUILT_PRODUCTS_DIR; };
		9F959E101CFC186F00618248 /* main.cpp */ = {isa = PBXFileReference; lastKnownFileType = sourcecode.cpp.cpp; path = main.cpp; sourceTree = "<group>"; };
		9F959E151CFC18D300618248 /* SqList.cpp */ = {isa = PBXFileReference; fileEncoding = 4; lastKnownFileType = sourcecode.cpp.cpp; path = SqList.cpp; sourceTree = "<group>"; };
		9F959E171CFC18E900618248 /* SqList.h */ = {isa = PBXFileReference; lastKnownFileType = sourcecode.c.h; path = SqList.h; sourceTree = "<group>"; };
		9F959E181CFC385500618248 /* Sort.h */ = {isa = PBXFileReference; fileEncoding = 4; lastKnownFileType = sourcecode.c.h; path = Sort.h; sourceTree = "<group>"; };
		9F959E191CFC385500618248 /* Sort.cpp */ = {isa = PBXFileReference; fileEncoding = 4; lastKnownFileType = sourcecode.cpp.cpp; path = Sort.cpp; sourceTree = "<group>"; };
		9F959E1A1CFC385500618248 /* main.cpp */ = {isa = PBXFileReference; fileEncoding = 4; lastKnownFileType = sourcecode.cpp.cpp; path = main.cpp; sourceTree = "<group>"; };
		9F959E211CFC3ACD00618248 /* linkedlist */ = {isa = PBXFileReference; explicitFileType = "compiled.mach-o.executable"; includeInIndex = 0; path = linkedlist; sourceTree = BUILT_PRODUCTS_DIR; };
		9F959E231CFC3ACD00618248 /* main.cpp */ = {isa = PBXFileReference; lastKnownFileType = sourcecode.cpp.cpp; path = main.cpp; sourceTree = "<group>"; };
		9F959E281CFC3B1B00618248 /* LinkedList.cpp */ = {isa = PBXFileReference; fileEncoding = 4; lastKnownFileType = sourcecode.cpp.cpp; path = LinkedList.cpp; sourceTree = "<group>"; };
		9F959E291CFC3B1B00618248 /* LinkedList.h */ = {isa = PBXFileReference; fileEncoding = 4; lastKnownFileType = sourcecode.c.h; path = LinkedList.h; sourceTree = "<group>"; };
		9F959E2F1CFC49BB00618248 /* stack */ = {isa = PBXFileReference; explicitFileType = "compiled.mach-o.executable"; includeInIndex = 0; path = stack; sourceTree = BUILT_PRODUCTS_DIR; };
		9F959E311CFC49BB00618248 /* main.cpp */ = {isa = PBXFileReference; lastKnownFileType = sourcecode.cpp.cpp; path = main.cpp; sourceTree = "<group>"; };
		9F959E361CFC49F900618248 /* Stack.cpp */ = {isa = PBXFileReference; fileEncoding = 4; lastKnownFileType = sourcecode.cpp.cpp; path = Stack.cpp; sourceTree = "<group>"; };
		9F959E371CFC49F900618248 /* Stack.h */ = {isa = PBXFileReference; fileEncoding = 4; lastKnownFileType = sourcecode.c.h; path = Stack.h; sourceTree = "<group>"; };
		BE0201091CFBFE1E0087969B /* queue */ = {isa = PBXFileReference; explicitFileType = "compiled.mach-o.executable"; includeInIndex = 0; path = queue; sourceTree = BUILT_PRODUCTS_DIR; };
		BE02010B1CFBFE1E0087969B /* main.cpp */ = {isa = PBXFileReference; lastKnownFileType = sourcecode.cpp.cpp; path = main.cpp; sourceTree = "<group>"; };
		BE0201101CFC70A90087969B /* Queue.cpp */ = {isa = PBXFileReference; fileEncoding = 4; lastKnownFileType = sourcecode.cpp.cpp; path = Queue.cpp; sourceTree = "<group>"; };
		BE0201111CFC70A90087969B /* Queue.h */ = {isa = PBXFileReference; fileEncoding = 4; lastKnownFileType = sourcecode.c.h; path = Queue.h; sourceTree = "<group>"; };
/* End PBXFileReference section */

/* Begin PBXFrameworksBuildPhase section */
		9F959DED1CFC110D00618248 /* Frameworks */ = {
			isa = PBXFrameworksBuildPhase;
			buildActionMask = 2147483647;
			files = (
			);
			runOnlyForDeploymentPostprocessing = 0;
		};
		9F959E0B1CFC186F00618248 /* Frameworks */ = {
			isa = PBXFrameworksBuildPhase;
			buildActionMask = 2147483647;
			files = (
			);
			runOnlyForDeploymentPostprocessing = 0;
		};
		9F959E1E1CFC3ACD00618248 /* Frameworks */ = {
			isa = PBXFrameworksBuildPhase;
			buildActionMask = 2147483647;
			files = (
			);
			runOnlyForDeploymentPostprocessing = 0;
		};
		9F959E2C1CFC49BA00618248 /* Frameworks */ = {
			isa = PBXFrameworksBuildPhase;
			buildActionMask = 2147483647;
			files = (
			);
			runOnlyForDeploymentPostprocessing = 0;
		};
		BE0201061CFBFE1E0087969B /* Frameworks */ = {
			isa = PBXFrameworksBuildPhase;
			buildActionMask = 2147483647;
			files = (
			);
			runOnlyForDeploymentPostprocessing = 0;
		};
/* End PBXFrameworksBuildPhase section */

/* Begin PBXGroup section */
		9F959DB51CFC109000618248 = {
			isa = PBXGroup;
			children = (
				9F959DF11CFC110D00618248 /* sort */,
				9F959E0F1CFC186F00618248 /* sqlist */,
				9F959E221CFC3ACD00618248 /* linkedlist */,
				9F959E301CFC49BB00618248 /* stack */,
				BE02010A1CFBFE1E0087969B /* queue */,
				9F959E081CFC169600618248 /* README.md */,
				9F959DBF1CFC109000618248 /* Products */,
			);
			sourceTree = "<group>";
		};
		9F959DBF1CFC109000618248 /* Products */ = {
			isa = PBXGroup;
			children = (
				9F959DF01CFC110D00618248 /* sort */,
				9F959E0E1CFC186F00618248 /* sqlist */,
				9F959E211CFC3ACD00618248 /* linkedlist */,
				9F959E2F1CFC49BB00618248 /* stack */,
				BE0201091CFBFE1E0087969B /* queue */,
			);
			name = Products;
			sourceTree = "<group>";
		};
		9F959DF11CFC110D00618248 /* sort */ = {
			isa = PBXGroup;
			children = (
				9F959E181CFC385500618248 /* Sort.h */,
				9F959E191CFC385500618248 /* Sort.cpp */,
				9F959E1A1CFC385500618248 /* main.cpp */,
			);
			path = sort;
			sourceTree = "<group>";
		};
		9F959E0F1CFC186F00618248 /* sqlist */ = {
			isa = PBXGroup;
			children = (
				9F959E171CFC18E900618248 /* SqList.h */,
				9F959E151CFC18D300618248 /* SqList.cpp */,
				9F959E101CFC186F00618248 /* main.cpp */,
			);
			path = sqlist;
			sourceTree = "<group>";
		};
		9F959E221CFC3ACD00618248 /* linkedlist */ = {
			isa = PBXGroup;
			children = (
				9F959E291CFC3B1B00618248 /* LinkedList.h */,
				9F959E281CFC3B1B00618248 /* LinkedList.cpp */,
				9F959E231CFC3ACD00618248 /* main.cpp */,
			);
			path = linkedlist;
			sourceTree = "<group>";
		};
		9F959E301CFC49BB00618248 /* stack */ = {
			isa = PBXGroup;
			children = (
				9F959E371CFC49F900618248 /* Stack.h */,
				9F959E361CFC49F900618248 /* Stack.cpp */,
				9F959E311CFC49BB00618248 /* main.cpp */,
			);
			path = stack;
			sourceTree = "<group>";
		};
		BE02010A1CFBFE1E0087969B /* queue */ = {
			isa = PBXGroup;
			children = (
				BE0201111CFC70A90087969B /* Queue.h */,
				BE0201101CFC70A90087969B /* Queue.cpp */,
				BE02010B1CFBFE1E0087969B /* main.cpp */,
			);
			path = queue;
			sourceTree = "<group>";
		};
/* End PBXGroup section */

/* Begin PBXNativeTarget section */
		9F959DEF1CFC110D00618248 /* sort */ = {
			isa = PBXNativeTarget;
			buildConfigurationList = 9F959DF41CFC110D00618248 /* Build configuration list for PBXNativeTarget "sort" */;
			buildPhases = (
				9F959DEC1CFC110D00618248 /* Sources */,
				9F959DED1CFC110D00618248 /* Frameworks */,
				9F959DEE1CFC110D00618248 /* CopyFiles */,
			);
			buildRules = (
			);
			dependencies = (
			);
			name = sort;
			productName = sort;
			productReference = 9F959DF01CFC110D00618248 /* sort */;
			productType = "com.apple.product-type.tool";
		};
		9F959E0D1CFC186F00618248 /* sqlist */ = {
			isa = PBXNativeTarget;
			buildConfigurationList = 9F959E121CFC186F00618248 /* Build configuration list for PBXNativeTarget "sqlist" */;
			buildPhases = (
				9F959E0A1CFC186F00618248 /* Sources */,
				9F959E0B1CFC186F00618248 /* Frameworks */,
				9F959E0C1CFC186F00618248 /* CopyFiles */,
			);
			buildRules = (
			);
			dependencies = (
			);
			name = sqlist;
			productName = sqlist;
			productReference = 9F959E0E1CFC186F00618248 /* sqlist */;
			productType = "com.apple.product-type.tool";
		};
		9F959E201CFC3ACD00618248 /* linkedlist */ = {
			isa = PBXNativeTarget;
			buildConfigurationList = 9F959E251CFC3ACD00618248 /* Build configuration list for PBXNativeTarget "linkedlist" */;
			buildPhases = (
				9F959E1D1CFC3ACD00618248 /* Sources */,
				9F959E1E1CFC3ACD00618248 /* Frameworks */,
				9F959E1F1CFC3ACD00618248 /* CopyFiles */,
			);
			buildRules = (
			);
			dependencies = (
			);
			name = linkedlist;
			productName = linkedlist;
			productReference = 9F959E211CFC3ACD00618248 /* linkedlist */;
			productType = "com.apple.product-type.tool";
		};
		9F959E2E1CFC49BA00618248 /* stack */ = {
			isa = PBXNativeTarget;
			buildConfigurationList = 9F959E331CFC49BB00618248 /* Build configuration list for PBXNativeTarget "stack" */;
			buildPhases = (
				9F959E2B1CFC49BA00618248 /* Sources */,
				9F959E2C1CFC49BA00618248 /* Frameworks */,
				9F959E2D1CFC49BA00618248 /* CopyFiles */,
			);
			buildRules = (
			);
			dependencies = (
			);
			name = stack;
			productName = stack;
			productReference = 9F959E2F1CFC49BB00618248 /* stack */;
			productType = "com.apple.product-type.tool";
		};
		BE0201081CFBFE1E0087969B /* queue */ = {
			isa = PBXNativeTarget;
			buildConfigurationList = BE02010F1CFBFE1E0087969B /* Build configuration list for PBXNativeTarget "queue" */;
			buildPhases = (
				BE0201051CFBFE1E0087969B /* Sources */,
				BE0201061CFBFE1E0087969B /* Frameworks */,
				BE0201071CFBFE1E0087969B /* CopyFiles */,
			);
			buildRules = (
			);
			dependencies = (
			);
			name = queue;
			productName = queue;
			productReference = BE0201091CFBFE1E0087969B /* queue */;
			productType = "com.apple.product-type.tool";
		};
/* End PBXNativeTarget section */

/* Begin PBXProject section */
		9F959DB61CFC109000618248 /* Project object */ = {
			isa = PBXProject;
			attributes = {
				LastUpgradeCheck = 0730;
				ORGANIZATIONNAME = "Terwer Green";
				TargetAttributes = {
					9F959DEF1CFC110D00618248 = {
						CreatedOnToolsVersion = 7.3.1;
					};
					9F959E0D1CFC186F00618248 = {
						CreatedOnToolsVersion = 7.3.1;
					};
					9F959E201CFC3ACD00618248 = {
						CreatedOnToolsVersion = 7.3.1;
					};
					9F959E2E1CFC49BA00618248 = {
						CreatedOnToolsVersion = 7.3.1;
					};
					BE0201081CFBFE1E0087969B = {
						CreatedOnToolsVersion = 7.2;
					};
				};
			};
			buildConfigurationList = 9F959DB91CFC109000618248 /* Build configuration list for PBXProject "DataStructure" */;
			compatibilityVersion = "Xcode 3.2";
			developmentRegion = English;
			hasScannedForEncodings = 0;
			knownRegions = (
				en,
			);
			mainGroup = 9F959DB51CFC109000618248;
			productRefGroup = 9F959DBF1CFC109000618248 /* Products */;
			projectDirPath = "";
			projectRoot = "";
			targets = (
				9F959DEF1CFC110D00618248 /* sort */,
				9F959E0D1CFC186F00618248 /* sqlist */,
				9F959E201CFC3ACD00618248 /* linkedlist */,
				9F959E2E1CFC49BA00618248 /* stack */,
				BE0201081CFBFE1E0087969B /* queue */,
			);
		};
/* End PBXProject section */

/* Begin PBXSourcesBuildPhase section */
		9F959DEC1CFC110D00618248 /* Sources */ = {
			isa = PBXSourcesBuildPhase;
			buildActionMask = 2147483647;
			files = (
				9F959E1C1CFC385500618248 /* main.cpp in Sources */,
				9F959E1B1CFC385500618248 /* Sort.cpp in Sources */,
			);
			runOnlyForDeploymentPostprocessing = 0;
		};
		9F959E0A1CFC186F00618248 /* Sources */ = {
			isa = PBXSourcesBuildPhase;
			buildActionMask = 2147483647;
			files = (
				9F959E111CFC186F00618248 /* main.cpp in Sources */,
				9F959E161CFC18D300618248 /* SqList.cpp in Sources */,
			);
			runOnlyForDeploymentPostprocessing = 0;
		};
		9F959E1D1CFC3ACD00618248 /* Sources */ = {
			isa = PBXSourcesBuildPhase;
			buildActionMask = 2147483647;
			files = (
				9F959E2A1CFC3B1B00618248 /* LinkedList.cpp in Sources */,
				9F959E241CFC3ACD00618248 /* main.cpp in Sources */,
			);
			runOnlyForDeploymentPostprocessing = 0;
		};
		9F959E2B1CFC49BA00618248 /* Sources */ = {
			isa = PBXSourcesBuildPhase;
			buildActionMask = 2147483647;
			files = (
				9F959E381CFC49F900618248 /* Stack.cpp in Sources */,
				9F959E321CFC49BB00618248 /* main.cpp in Sources */,
			);
			runOnlyForDeploymentPostprocessing = 0;
		};
		BE0201051CFBFE1E0087969B /* Sources */ = {
			isa = PBXSourcesBuildPhase;
			buildActionMask = 2147483647;
			files = (
				BE02010C1CFBFE1E0087969B /* main.cpp in Sources */,
				BE0201121CFC70A90087969B /* Queue.cpp in Sources */,
			);
			runOnlyForDeploymentPostprocessing = 0;
		};
/* End PBXSourcesBuildPhase section */

/* Begin XCBuildConfiguration section */
		9F959DC31CFC109000618248 /* Debug */ = {
			isa = XCBuildConfiguration;
			buildSettings = {
				ALWAYS_SEARCH_USER_PATHS = NO;
				CLANG_ANALYZER_NONNULL = YES;
				CLANG_CXX_LANGUAGE_STANDARD = "gnu++0x";
				CLANG_CXX_LIBRARY = "libc++";
				CLANG_ENABLE_MODULES = YES;
				CLANG_ENABLE_OBJC_ARC = YES;
				CLANG_WARN_BOOL_CONVERSION = YES;
				CLANG_WARN_CONSTANT_CONVERSION = YES;
				CLANG_WARN_DIRECT_OBJC_ISA_USAGE = YES_ERROR;
				CLANG_WARN_EMPTY_BODY = YES;
				CLANG_WARN_ENUM_CONVERSION = YES;
				CLANG_WARN_INT_CONVERSION = YES;
				CLANG_WARN_OBJC_ROOT_CLASS = YES_ERROR;
				CLANG_WARN_UNREACHABLE_CODE = YES;
				CLANG_WARN__DUPLICATE_METHOD_MATCH = YES;
				CODE_SIGN_IDENTITY = "-";
				COPY_PHASE_STRIP = NO;
				DEBUG_INFORMATION_FORMAT = dwarf;
				ENABLE_STRICT_OBJC_MSGSEND = YES;
				ENABLE_TESTABILITY = YES;
				GCC_C_LANGUAGE_STANDARD = gnu99;
				GCC_DYNAMIC_NO_PIC = NO;
				GCC_NO_COMMON_BLOCKS = YES;
				GCC_OPTIMIZATION_LEVEL = 0;
				GCC_PREPROCESSOR_DEFINITIONS = (
					"DEBUG=1",
					"$(inherited)",
				);
				GCC_WARN_64_TO_32_BIT_CONVERSION = YES;
				GCC_WARN_ABOUT_RETURN_TYPE = YES_ERROR;
				GCC_WARN_UNDECLARED_SELECTOR = YES;
				GCC_WARN_UNINITIALIZED_AUTOS = YES_AGGRESSIVE;
				GCC_WARN_UNUSED_FUNCTION = YES;
				GCC_WARN_UNUSED_VARIABLE = YES;
				MACOSX_DEPLOYMENT_TARGET = 10.11;
				MTL_ENABLE_DEBUG_INFO = YES;
				ONLY_ACTIVE_ARCH = YES;
				SDKROOT = macosx;
			};
			name = Debug;
		};
		9F959DC41CFC109000618248 /* Release */ = {
			isa = XCBuildConfiguration;
			buildSettings = {
				ALWAYS_SEARCH_USER_PATHS = NO;
				CLANG_ANALYZER_NONNULL = YES;
				CLANG_CXX_LANGUAGE_STANDARD = "gnu++0x";
				CLANG_CXX_LIBRARY = "libc++";
				CLANG_ENABLE_MODULES = YES;
				CLANG_ENABLE_OBJC_ARC = YES;
				CLANG_WARN_BOOL_CONVERSION = YES;
				CLANG_WARN_CONSTANT_CONVERSION = YES;
				CLANG_WARN_DIRECT_OBJC_ISA_USAGE = YES_ERROR;
				CLANG_WARN_EMPTY_BODY = YES;
				CLANG_WARN_ENUM_CONVERSION = YES;
				CLANG_WARN_INT_CONVERSION = YES;
				CLANG_WARN_OBJC_ROOT_CLASS = YES_ERROR;
				CLANG_WARN_UNREACHABLE_CODE = YES;
				CLANG_WARN__DUPLICATE_METHOD_MATCH = YES;
				CODE_SIGN_IDENTITY = "-";
				COPY_PHASE_STRIP = NO;
				DEBUG_INFORMATION_FORMAT = "dwarf-with-dsym";
				ENABLE_NS_ASSERTIONS = NO;
				ENABLE_STRICT_OBJC_MSGSEND = YES;
				GCC_C_LANGUAGE_STANDARD = gnu99;
				GCC_NO_COMMON_BLOCKS = YES;
				GCC_WARN_64_TO_32_BIT_CONVERSION = YES;
				GCC_WARN_ABOUT_RETURN_TYPE = YES_ERROR;
				GCC_WARN_UNDECLARED_SELECTOR = YES;
				GCC_WARN_UNINITIALIZED_AUTOS = YES_AGGRESSIVE;
				GCC_WARN_UNUSED_FUNCTION = YES;
				GCC_WARN_UNUSED_VARIABLE = YES;
				MACOSX_DEPLOYMENT_TARGET = 10.11;
				MTL_ENABLE_DEBUG_INFO = NO;
				SDKROOT = macosx;
			};
			name = Release;
		};
		9F959DF51CFC110D00618248 /* Debug */ = {
			isa = XCBuildConfiguration;
			buildSettings = {
				PRODUCT_NAME = "$(TARGET_NAME)";
			};
			name = Debug;
		};
		9F959DF61CFC110D00618248 /* Release */ = {
			isa = XCBuildConfiguration;
			buildSettings = {
				PRODUCT_NAME = "$(TARGET_NAME)";
			};
			name = Release;
		};
		9F959E131CFC186F00618248 /* Debug */ = {
			isa = XCBuildConfiguration;
			buildSettings = {
				PRODUCT_NAME = "$(TARGET_NAME)";
			};
			name = Debug;
		};
		9F959E141CFC186F00618248 /* Release */ = {
			isa = XCBuildConfiguration;
			buildSettings = {
				PRODUCT_NAME = "$(TARGET_NAME)";
			};
			name = Release;
		};
		9F959E261CFC3ACD00618248 /* Debug */ = {
			isa = XCBuildConfiguration;
			buildSettings = {
				PRODUCT_NAME = "$(TARGET_NAME)";
			};
			name = Debug;
		};
		9F959E271CFC3ACD00618248 /* Release */ = {
			isa = XCBuildConfiguration;
			buildSettings = {
				PRODUCT_NAME = "$(TARGET_NAME)";
			};
			name = Release;
		};
		9F959E341CFC49BB00618248 /* Debug */ = {
			isa = XCBuildConfiguration;
			buildSettings = {
				PRODUCT_NAME = "$(TARGET_NAME)";
			};
			name = Debug;
		};
		9F959E351CFC49BB00618248 /* Release */ = {
			isa = XCBuildConfiguration;
			buildSettings = {
				PRODUCT_NAME = "$(TARGET_NAME)";
			};
			name = Release;
		};
		BE02010D1CFBFE1E0087969B /* Debug */ = {
			isa = XCBuildConfiguration;
			buildSettings = {
				MACOSX_DEPLOYMENT_TARGET = 10.10;
				PRODUCT_NAME = "$(TARGET_NAME)";
			};
			name = Debug;
		};
		BE02010E1CFBFE1E0087969B /* Release */ = {
			isa = XCBuildConfiguration;
			buildSettings = {
				MACOSX_DEPLOYMENT_TARGET = 10.10;
				PRODUCT_NAME = "$(TARGET_NAME)";
			};
			name = Release;
		};
/* End XCBuildConfiguration section */

/* Begin XCConfigurationList section */
		9F959DB91CFC109000618248 /* Build configuration list for PBXProject "DataStructure" */ = {
			isa = XCConfigurationList;
			buildConfigurations = (
				9F959DC31CFC109000618248 /* Debug */,
				9F959DC41CFC109000618248 /* Release */,
			);
			defaultConfigurationIsVisible = 0;
			defaultConfigurationName = Release;
		};
		9F959DF41CFC110D00618248 /* Build configuration list for PBXNativeTarget "sort" */ = {
			isa = XCConfigurationList;
			buildConfigurations = (
				9F959DF51CFC110D00618248 /* Debug */,
				9F959DF61CFC110D00618248 /* Release */,
			);
			defaultConfigurationIsVisible = 0;
			defaultConfigurationName = Release;
		};
		9F959E121CFC186F00618248 /* Build configuration list for PBXNativeTarget "sqlist" */ = {
			isa = XCConfigurationList;
			buildConfigurations = (
				9F959E131CFC186F00618248 /* Debug */,
				9F959E141CFC186F00618248 /* Release */,
			);
			defaultConfigurationIsVisible = 0;
			defaultConfigurationName = Release;
		};
		9F959E251CFC3ACD00618248 /* Build configuration list for PBXNativeTarget "linkedlist" */ = {
			isa = XCConfigurationList;
			buildConfigurations = (
				9F959E261CFC3ACD00618248 /* Debug */,
				9F959E271CFC3ACD00618248 /* Release */,
			);
			defaultConfigurationIsVisible = 0;
			defaultConfigurationName = Release;
		};
		9F959E331CFC49BB00618248 /* Build configuration list for PBXNativeTarget "stack" */ = {
			isa = XCConfigurationList;
			buildConfigurations = (
				9F959E341CFC49BB00618248 /* Debug */,
				9F959E351CFC49BB00618248 /* Release */,
			);
			defaultConfigurationIsVisible = 0;
			defaultConfigurationName = Release;
		};
		BE02010F1CFBFE1E0087969B /* Build configuration list for PBXNativeTarget "queue" */ = {
			isa = XCConfigurationList;
			buildConfigurations = (
				BE02010D1CFBFE1E0087969B /* Debug */,
				BE02010E1CFBFE1E0087969B /* Release */,
			);
			defaultConfigurationIsVisible = 0;
		};
/* End XCConfigurationList section */
	};
	rootObject = 9F959DB61CFC109000618248 /* Project object */;
}
